{
  "lockfileVersion": 1,
  "workspaces": {
    "": {
      "name": "saintpepsi-pai-hooks",
      "dependencies": {
        "yaml": "^2.8.2",
      },
      "devDependencies": {
        "@swc/core": "^1.15.21",
        "@types/bun": "^1.3.10",
        "husky": "^9.0.0",
      },
    },
  },
  "trustedDependencies": [
    "@swc/core",
  ],
  "packages": {
    "@swc/core": ["@swc/core@1.15.21", "", { "dependencies": { "@swc/counter": "^0.1.3", "@swc/types": "^0.1.25" }, "optionalDependencies": { "@swc/core-darwin-arm64": "1.15.21", "@swc/core-darwin-x64": "1.15.21", "@swc/core-linux-arm-gnueabihf": "1.15.21", "@swc/core-linux-arm64-gnu": "1.15.21", "@swc/core-linux-arm64-musl": "1.15.21", "@swc/core-linux-ppc64-gnu": "1.15.21", "@swc/core-linux-s390x-gnu": "1.15.21", "@swc/core-linux-x64-gnu": "1.15.21", "@swc/core-linux-x64-musl": "1.15.21", "@swc/core-win32-arm64-msvc": "1.15.21", "@swc/core-win32-ia32-msvc": "1.15.21", "@swc/core-win32-x64-msvc": "1.15.21" }, "peerDependencies": { "@swc/helpers": ">=0.5.17" }, "optionalPeers": ["@swc/helpers"] }, "sha512-fkk7NJcBscrR3/F8jiqlMptRHP650NxqDnspBMrRe5d8xOoCy9MLL5kOBLFXjFLfMo3KQQHhk+/jUULOMlR1uQ=="],

    "@swc/core-darwin-arm64": ["@swc/core-darwin-arm64@1.15.21", "", { "os": "darwin", "cpu": "arm64" }, "sha512-SA8SFg9dp0qKRH8goWsax6bptFE2EdmPf2YRAQW9WoHGf3XKM1bX0nd5UdwxmC5hXsBUZAYf7xSciCler6/oyA=="],

    "@swc/core-darwin-x64": ["@swc/core-darwin-x64@1.15.21", "", { "os": "darwin", "cpu": "x64" }, "sha512-//fOVntgowz9+V90lVsNCtyyrtbHp3jWH6Rch7MXHXbcvbLmbCTmssl5DeedUWLLGiAAW1wksBdqdGYOTjaNLw=="],

    "@swc/core-linux-arm-gnueabihf": ["@swc/core-linux-arm-gnueabihf@1.15.21", "", { "os": "linux", "cpu": "arm" }, "sha512-meNI4Sh6h9h8DvIfEc0l5URabYMSuNvyisLmG6vnoYAS43s8ON3NJR8sDHvdP7NJTrLe0q/x2XCn6yL/BeHcZg=="],

    "@swc/core-linux-arm64-gnu": ["@swc/core-linux-arm64-gnu@1.15.21", "", { "os": "linux", "cpu": "arm64" }, "sha512-QrXlNQnHeXqU2EzLlnsPoWEh8/GtNJLvfMiPsDhk+ht6Xv8+vhvZ5YZ/BokNWSIZiWPKLAqR0M7T92YF5tmD3g=="],

    "@swc/core-linux-arm64-musl": ["@swc/core-linux-arm64-musl@1.15.21", "", { "os": "linux", "cpu": "arm64" }, "sha512-8/yGCMO333ultDaMQivE5CjO6oXDPeeg1IV4sphojPkb0Pv0i6zvcRIkgp60xDB+UxLr6VgHgt+BBgqS959E9g=="],

    "@swc/core-linux-ppc64-gnu": ["@swc/core-linux-ppc64-gnu@1.15.21", "", { "os": "linux", "cpu": "ppc64" }, "sha512-ucW0HzPx0s1dgRvcvuLSPSA/2Kk/VYTv9st8qe1Kc22Gu0Q0rH9+6TcBTmMuNIp0Xs4BPr1uBttmbO1wEGI49Q=="],

    "@swc/core-linux-s390x-gnu": ["@swc/core-linux-s390x-gnu@1.15.21", "", { "os": "linux", "cpu": "s390x" }, "sha512-ulTnOGc5I7YRObE/9NreAhQg94QkiR5qNhhcUZ1iFAYjzg/JGAi1ch+s/Ixe61pMIr8bfVrF0NOaB0f8wjaAfA=="],

    "@swc/core-linux-x64-gnu": ["@swc/core-linux-x64-gnu@1.15.21", "", { "os": "linux", "cpu": "x64" }, "sha512-D0RokxtM+cPvSqJIKR6uja4hbD+scI9ezo95mBhfSyLUs9wnPPl26sLp1ZPR/EXRdYm3F3S6RUtVi+8QXhT24Q=="],

    "@swc/core-linux-x64-musl": ["@swc/core-linux-x64-musl@1.15.21", "", { "os": "linux", "cpu": "x64" }, "sha512-nER8u7VeRfmU6fMDzl1NQAbbB/G7O2avmvCOwIul1uGkZ2/acbPH+DCL9h5+0yd/coNcxMBTL6NGepIew+7C2w=="],

    "@swc/core-win32-arm64-msvc": ["@swc/core-win32-arm64-msvc@1.15.21", "", { "os": "win32", "cpu": "arm64" }, "sha512-+/AgNBnjYugUA8C0Do4YzymgvnGbztv7j8HKSQLvR/DQgZPoXQ2B3PqB2mTtGh/X5DhlJWiqnunN35JUgWcAeQ=="],

    "@swc/core-win32-ia32-msvc": ["@swc/core-win32-ia32-msvc@1.15.21", "", { "os": "win32", "cpu": "ia32" }, "sha512-IkSZj8PX/N4HcaFhMQtzmkV8YSnuNoJ0E6OvMwFiOfejPhiKXvl7CdDsn1f4/emYEIDO3fpgZW9DTaCRMDxaDA=="],

    "@swc/core-win32-x64-msvc": ["@swc/core-win32-x64-msvc@1.15.21", "", { "os": "win32", "cpu": "x64" }, "sha512-zUyWso7OOENB6e1N1hNuNn8vbvLsTdKQ5WKLgt/JcBNfJhKy/6jmBmqI3GXk/MyvQKd5SLvP7A0F36p7TeDqvw=="],

    "@swc/counter": ["@swc/counter@0.1.3", "", {}, "sha512-e2BR4lsJkkRlKZ/qCHPw9ZaSxc0MVUd7gtbtaB7aMvHeJVYe8sOB8DBZkP2DtISHGSku9sCK6T6cnY0CtXrOCQ=="],

    "@swc/types": ["@swc/types@0.1.26", "", { "dependencies": { "@swc/counter": "^0.1.3" } }, "sha512-lyMwd7WGgG79RS7EERZV3T8wMdmPq3xwyg+1nmAM64kIhx5yl+juO2PYIHb7vTiPgPCj8LYjsNV2T5wiQHUEaw=="],

    "@types/bun": ["@types/bun@1.3.10", "", { "dependencies": { "bun-types": "1.3.10" } }, "sha512-0+rlrUrOrTSskibryHbvQkDOWRJwJZqZlxrUs1u4oOoTln8+WIXBPmAuCF35SWB2z4Zl3E84Nl/D0P7803nigQ=="],

    "@types/node": ["@types/node@25.4.0", "", { "dependencies": { "undici-types": "~7.18.0" } }, "sha512-9wLpoeWuBlcbBpOY3XmzSTG3oscB6xjBEEtn+pYXTfhyXhIxC5FsBer2KTopBlvKEiW9l13po9fq+SJY/5lkhw=="],

    "bun-types": ["bun-types@1.3.10", "", { "dependencies": { "@types/node": "*" } }, "sha512-tcpfCCl6XWo6nCVnpcVrxQ+9AYN1iqMIzgrSKYMB/fjLtV2eyAVEg7AxQJuCq/26R6HpKWykQXuSOq/21RYcbg=="],

    "husky": ["husky@9.1.7", "", { "bin": { "husky": "bin.js" } }, "sha512-5gs5ytaNjBrh5Ow3zrvdUUY+0VxIuWVL4i9irt6friV+BqdCfmV11CQTWMiBYWHbXhco+J1kHfTOUkePhCDvMA=="],

    "undici-types": ["undici-types@7.18.2", "", {}, "sha512-AsuCzffGHJybSaRrmr5eHr81mwJU3kjw6M+uprWvCXiNeN9SOGwQ3Jn8jb8m3Z6izVgknn1R0FTCEAP2QrLY/w=="],

    "yaml": ["yaml@2.8.2", "", { "bin": { "yaml": "bin.mjs" } }, "sha512-mplynKqc1C2hTVYxd0PU2xQAc22TI1vShAYGksCCfxbn/dFwnHTNi1bvYsBTkhdUNtGIf5xNOg938rrSSYvS9A=="],
  }
}
